{
    "_readme": [
        "This file locks the dependencies of your project to a known state",
        "Read more about it at https://getcomposer.org/doc/01-basic-usage.md#composer-lock-the-lock-file",
        "This file is @generated automatically"
    ],
    "hash": "7c0ff19262d195cff7f1dc64627219cb",
    "content-hash": "d09f54ca4e31abf3033faf23573a216a",
    "packages": [
        {
            "name": "abraham/twitteroauth",
            "version": "0.6.4",
            "source": {
                "type": "git",
                "url": "https://github.com/abraham/twitteroauth.git",
                "reference": "f7dec715c6e79e6085470b8b5d4dc2727afc5186"
            },
            "dist": {
                "type": "zip",
                "url": "https://api.github.com/repos/abraham/twitteroauth/zipball/f7dec715c6e79e6085470b8b5d4dc2727afc5186",
                "reference": "f7dec715c6e79e6085470b8b5d4dc2727afc5186",
                "shasum": ""
            },
            "require": {
                "ext-curl": "*",
                "php": ">=5.5.0"
            },
            "require-dev": {
                "phpmd/phpmd": "2.3.*",
                "phpunit/phpunit": "4.8.*",
                "squizlabs/php_codesniffer": "2.3.*"
            },
            "type": "library",
            "autoload": {
                "psr-4": {
                    "Abraham\\TwitterOAuth\\": "src"
                }
            },
            "notification-url": "https://packagist.org/downloads/",
            "license": [
                "MIT"
            ],
            "authors": [
                {
                    "name": "Abraham Williams",
                    "email": "abraham@abrah.am",
                    "homepage": "https://abrah.am",
                    "role": "Developer"
                }
            ],
            "description": "The most popular PHP library for use with the Twitter OAuth REST API.",
            "homepage": "https://twitteroauth.com",
            "keywords": [
                "Twitter API",
                "Twitter oAuth",
                "api",
                "oauth",
                "rest",
                "social",
                "twitter"
            ],
            "time": "2016-04-20 23:23:26"
        },
        {
            "name": "container-interop/container-interop",
            "version": "1.1.0",
            "source": {
                "type": "git",
                "url": "https://github.com/container-interop/container-interop.git",
                "reference": "fc08354828f8fd3245f77a66b9e23a6bca48297e"
            },
            "dist": {
                "type": "zip",
                "url": "https://api.github.com/repos/container-interop/container-interop/zipball/fc08354828f8fd3245f77a66b9e23a6bca48297e",
                "reference": "fc08354828f8fd3245f77a66b9e23a6bca48297e",
                "shasum": ""
            },
            "type": "library",
            "autoload": {
                "psr-4": {
                    "Interop\\Container\\": "src/Interop/Container/"
                }
            },
            "notification-url": "https://packagist.org/downloads/",
            "license": [
                "MIT"
            ],
            "description": "Promoting the interoperability of container objects (DIC, SL, etc.)",
            "time": "2014-12-30 15:22:37"
        },
        {
            "name": "cosenary/instagram",
            "version": "v2.3",
            "source": {
                "type": "git",
                "url": "https://github.com/cosenary/Instagram-PHP-API.git",
                "reference": "fbf4c82e2cc7e9a7fd6f9fd7bba1fd2c506102a5"
            },
            "dist": {
                "type": "zip",
                "url": "https://api.github.com/repos/cosenary/Instagram-PHP-API/zipball/fbf4c82e2cc7e9a7fd6f9fd7bba1fd2c506102a5",
                "reference": "fbf4c82e2cc7e9a7fd6f9fd7bba1fd2c506102a5",
                "shasum": ""
            },
            "require": {
                "ext-curl": "*",
                "php": ">=5.2.0"
            },
            "type": "library",
            "autoload": {
                "psr-4": {
                    "MetzWeb\\Instagram\\": "src"
                }
            },
            "notification-url": "https://packagist.org/downloads/",
            "license": [
                "BSD"
            ],
            "authors": [
                {
                    "name": "Christian Metz",
                    "email": "christian-metz1@gmx.net",
                    "homepage": "http://metzweb.net"
                }
            ],
            "description": "An easy-to-use PHP Class for accessing Instagram's API.",
            "homepage": "https://github.com/cosenary/Instagram-PHP-API",
            "keywords": [
                "api",
                "instagram"
            ],
            "time": "2014-11-29 13:10:42"
        },
        {
            "name": "davidepastore/slim-config",
            "version": "v0.1.0",
            "source": {
                "type": "git",
                "url": "https://github.com/DavidePastore/Slim-Config.git",
                "reference": "6e0d4a122d1c6347cb519376a4a4a7a76d82e9bb"
            },
            "dist": {
                "type": "zip",
                "url": "https://api.github.com/repos/DavidePastore/Slim-Config/zipball/6e0d4a122d1c6347cb519376a4a4a7a76d82e9bb",
                "reference": "6e0d4a122d1c6347cb519376a4a4a7a76d82e9bb",
                "shasum": ""
            },
            "require": {
                "hassankhan/config": "^0.10.0",
                "php": ">=5.5.0"
            },
            "require-dev": {
                "phpunit/phpunit": "^4.0",
                "scrutinizer/ocular": "~1.1",
                "slim/slim": "~3.0"
            },
            "type": "library",
            "autoload": {
                "psr-4": {
                    "DavidePastore\\Slim\\Config\\": "src"
                }
            },
            "notification-url": "https://packagist.org/downloads/",
            "license": [
                "GPL-2.0+"
            ],
            "authors": [
                {
                    "name": "Davide Pastore",
                    "email": "pasdavide@gmail.com"
                }
            ],
            "description": "A slim middleware to read configuration from different files based on hassankhan/config",
            "keywords": [
                "config",
                "configuration",
                "framework",
                "ini",
                "json",
                "middleware",
                "php",
                "slim",
                "xml",
                "yaml"
            ],
            "time": "2016-03-16 14:09:21"
        },
        {
            "name": "hassankhan/config",
            "version": "0.10.0",
            "source": {
                "type": "git",
                "url": "https://github.com/hassankhan/config.git",
                "reference": "06ac500348af033f1a2e44dc357ca86282626d4a"
            },
            "dist": {
                "type": "zip",
                "url": "https://api.github.com/repos/hassankhan/config/zipball/06ac500348af033f1a2e44dc357ca86282626d4a",
                "reference": "06ac500348af033f1a2e44dc357ca86282626d4a",
                "shasum": ""
            },
            "require": {
                "php": ">=5.3.0"
            },
            "require-dev": {
                "phpunit/phpunit": "~4.0",
                "scrutinizer/ocular": "~1.1",
                "squizlabs/php_codesniffer": "~2.2"
            },
            "suggest": {
                "symfony/yaml": "~2.5"
            },
            "type": "library",
            "autoload": {
                "psr-4": {
                    "Noodlehaus\\": "src"
                }
            },
            "notification-url": "https://packagist.org/downloads/",
            "license": [
                "MIT"
            ],
            "authors": [
                {
                    "name": "Hassan Khan",
                    "homepage": "http://hassankhan.me/",
                    "role": "Developer"
                }
            ],
            "description": "Lightweight configuration file loader that supports PHP, INI, XML, JSON, and YAML files",
            "homepage": "http://hassankhan.me/config/",
            "keywords": [
                "config",
                "configuration",
                "ini",
                "json",
                "microphp",
                "unframework",
                "xml",
                "yaml",
                "yml"
            ],
            "time": "2016-02-11 16:21:17"
        },
        {
            "name": "monolog/monolog",
            "version": "1.19.0",
            "source": {
                "type": "git",
                "url": "https://github.com/Seldaek/monolog.git",
                "reference": "5f56ed5212dc509c8dc8caeba2715732abb32dbf"
            },
            "dist": {
                "type": "zip",
                "url": "https://api.github.com/repos/Seldaek/monolog/zipball/5f56ed5212dc509c8dc8caeba2715732abb32dbf",
                "reference": "5f56ed5212dc509c8dc8caeba2715732abb32dbf",
                "shasum": ""
            },
            "require": {
                "php": ">=5.3.0",
                "psr/log": "~1.0"
            },
            "provide": {
                "psr/log-implementation": "1.0.0"
            },
            "require-dev": {
                "aws/aws-sdk-php": "^2.4.9",
                "doctrine/couchdb": "~1.0@dev",
                "graylog2/gelf-php": "~1.0",
                "jakub-onderka/php-parallel-lint": "0.9",
                "php-amqplib/php-amqplib": "~2.4",
                "php-console/php-console": "^3.1.3",
                "phpunit/phpunit": "~4.5",
                "phpunit/phpunit-mock-objects": "2.3.0",
                "raven/raven": "^0.13",
                "ruflin/elastica": ">=0.90 <3.0",
                "swiftmailer/swiftmailer": "~5.3"
            },
            "suggest": {
                "aws/aws-sdk-php": "Allow sending log messages to AWS services like DynamoDB",
                "doctrine/couchdb": "Allow sending log messages to a CouchDB server",
                "ext-amqp": "Allow sending log messages to an AMQP server (1.0+ required)",
                "ext-mongo": "Allow sending log messages to a MongoDB server",
                "graylog2/gelf-php": "Allow sending log messages to a GrayLog2 server",
                "mongodb/mongodb": "Allow sending log messages to a MongoDB server via PHP Driver",
                "php-amqplib/php-amqplib": "Allow sending log messages to an AMQP server using php-amqplib",
                "php-console/php-console": "Allow sending log messages to Google Chrome",
                "raven/raven": "Allow sending log messages to a Sentry server",
                "rollbar/rollbar": "Allow sending log messages to Rollbar",
                "ruflin/elastica": "Allow sending log messages to an Elastic Search server"
            },
            "type": "library",
            "extra": {
                "branch-alias": {
                    "dev-master": "2.0.x-dev"
                }
            },
            "autoload": {
                "psr-4": {
                    "Monolog\\": "src/Monolog"
                }
            },
            "notification-url": "https://packagist.org/downloads/",
            "license": [
                "MIT"
            ],
            "authors": [
                {
                    "name": "Jordi Boggiano",
                    "email": "j.boggiano@seld.be",
                    "homepage": "http://seld.be"
                }
            ],
            "description": "Sends your logs to files, sockets, inboxes, databases and various web services",
            "homepage": "http://github.com/Seldaek/monolog",
            "keywords": [
                "log",
                "logging",
                "psr-3"
            ],
            "time": "2016-04-12 18:29:35"
        },
        {
            "name": "nikic/fast-route",
            "version": "v1.0.0",
            "source": {
                "type": "git",
                "url": "https://github.com/nikic/FastRoute.git",
                "reference": "79843dce62ac52e9b628e73d5f1264cad10c65a6"
            },
            "dist": {
                "type": "zip",
                "url": "https://api.github.com/repos/nikic/FastRoute/zipball/79843dce62ac52e9b628e73d5f1264cad10c65a6",
                "reference": "79843dce62ac52e9b628e73d5f1264cad10c65a6",
                "shasum": ""
            },
            "require": {
                "php": ">=5.4.0"
            },
            "type": "library",
            "autoload": {
                "psr-4": {
                    "FastRoute\\": "src/"
                },
                "files": [
                    "src/functions.php"
                ]
            },
            "notification-url": "https://packagist.org/downloads/",
            "license": [
                "BSD-3-Clause"
            ],
            "authors": [
                {
                    "name": "Nikita Popov",
                    "email": "nikic@php.net"
                }
            ],
            "description": "Fast request router for PHP",
            "keywords": [
                "router",
                "routing"
            ],
            "time": "2016-04-18 11:33:20"
        },
        {
            "name": "pimple/pimple",
            "version": "v3.0.2",
            "source": {
                "type": "git",
                "url": "https://github.com/silexphp/Pimple.git",
                "reference": "a30f7d6e57565a2e1a316e1baf2a483f788b258a"
            },
            "dist": {
                "type": "zip",
                "url": "https://api.github.com/repos/silexphp/Pimple/zipball/a30f7d6e57565a2e1a316e1baf2a483f788b258a",
                "reference": "a30f7d6e57565a2e1a316e1baf2a483f788b258a",
                "shasum": ""
            },
            "require": {
                "php": ">=5.3.0"
            },
            "type": "library",
            "extra": {
                "branch-alias": {
                    "dev-master": "3.0.x-dev"
                }
            },
            "autoload": {
                "psr-0": {
                    "Pimple": "src/"
                }
            },
            "notification-url": "https://packagist.org/downloads/",
            "license": [
                "MIT"
            ],
            "authors": [
                {
                    "name": "Fabien Potencier",
                    "email": "fabien@symfony.com"
                }
            ],
            "description": "Pimple, a simple Dependency Injection Container",
            "homepage": "http://pimple.sensiolabs.org",
            "keywords": [
                "container",
                "dependency injection"
            ],
            "time": "2015-09-11 15:10:35"
        },
        {
            "name": "psr/http-message",
            "version": "1.0",
            "source": {
                "type": "git",
                "url": "https://github.com/php-fig/http-message.git",
                "reference": "85d63699f0dbedb190bbd4b0d2b9dc707ea4c298"
            },
            "dist": {
                "type": "zip",
                "url": "https://api.github.com/repos/php-fig/http-message/zipball/85d63699f0dbedb190bbd4b0d2b9dc707ea4c298",
                "reference": "85d63699f0dbedb190bbd4b0d2b9dc707ea4c298",
                "shasum": ""
            },
            "require": {
                "php": ">=5.3.0"
            },
            "type": "library",
            "extra": {
                "branch-alias": {
                    "dev-master": "1.0.x-dev"
                }
            },
            "autoload": {
                "psr-4": {
                    "Psr\\Http\\Message\\": "src/"
                }
            },
            "notification-url": "https://packagist.org/downloads/",
            "license": [
                "MIT"
            ],
            "authors": [
                {
                    "name": "PHP-FIG",
                    "homepage": "http://www.php-fig.org/"
                }
            ],
            "description": "Common interface for HTTP messages",
            "keywords": [
                "http",
                "http-message",
                "psr",
                "psr-7",
                "request",
                "response"
            ],
            "time": "2015-05-04 20:22:00"
        },
        {
            "name": "psr/log",
            "version": "1.0.0",
            "source": {
                "type": "git",
                "url": "https://github.com/php-fig/log.git",
                "reference": "fe0936ee26643249e916849d48e3a51d5f5e278b"
            },
            "dist": {
                "type": "zip",
                "url": "https://api.github.com/repos/php-fig/log/zipball/fe0936ee26643249e916849d48e3a51d5f5e278b",
                "reference": "fe0936ee26643249e916849d48e3a51d5f5e278b",
                "shasum": ""
            },
            "type": "library",
            "autoload": {
                "psr-0": {
                    "Psr\\Log\\": ""
                }
            },
            "notification-url": "https://packagist.org/downloads/",
            "license": [
                "MIT"
            ],
            "authors": [
                {
                    "name": "PHP-FIG",
                    "homepage": "http://www.php-fig.org/"
                }
            ],
            "description": "Common interface for logging libraries",
            "keywords": [
                "log",
                "psr",
                "psr-3"
            ],
            "time": "2012-12-21 11:40:51"
        },
        {
            "name": "slim/php-view",
            "version": "2.1.0",
            "source": {
                "type": "git",
                "url": "https://github.com/slimphp/PHP-View.git",
                "reference": "8bae5b10d10c51596ef8d8113b3b63678718adcb"
            },
            "dist": {
                "type": "zip",
                "url": "https://api.github.com/repos/slimphp/PHP-View/zipball/8bae5b10d10c51596ef8d8113b3b63678718adcb",
                "reference": "8bae5b10d10c51596ef8d8113b3b63678718adcb",
                "shasum": ""
            },
            "require": {
                "psr/http-message": "^1.0"
            },
            "require-dev": {
                "phpunit/phpunit": "^5.0",
                "slim/slim": "^3.0"
            },
            "type": "library",
            "autoload": {
                "psr-4": {
                    "Slim\\Views\\": "src"
                }
            },
            "notification-url": "https://packagist.org/downloads/",
            "license": [
                "MIT"
            ],
            "authors": [
                {
                    "name": "Glenn Eggleton",
                    "email": "geggleto@gmail.com"
                }
            ],
            "description": "Render PHP view scripts into a PSR-7 Response object.",
            "keywords": [
                "framework",
                "php",
                "phtml",
                "renderer",
                "slim",
                "template",
                "view"
            ],
            "time": "2016-03-04 09:48:50"
        },
        {
            "name": "slim/slim",
            "version": "3.4.2",
            "source": {
                "type": "git",
                "url": "https://github.com/slimphp/Slim.git",
                "reference": "a132385f736063d00632b52b3f8a389fe66fe4fa"
            },
            "dist": {
                "type": "zip",
                "url": "https://api.github.com/repos/slimphp/Slim/zipball/a132385f736063d00632b52b3f8a389fe66fe4fa",
                "reference": "a132385f736063d00632b52b3f8a389fe66fe4fa",
                "shasum": ""
            },
            "require": {
                "container-interop/container-interop": "^1.1",
                "nikic/fast-route": "^1.0",
                "php": ">=5.5.0",
                "pimple/pimple": "^3.0",
                "psr/http-message": "^1.0"
            },
            "provide": {
                "psr/http-message-implementation": "1.0"
            },
            "require-dev": {
                "phpunit/phpunit": "^4.0",
                "squizlabs/php_codesniffer": "^2.5"
            },
            "type": "library",
            "autoload": {
                "psr-4": {
                    "Slim\\": "Slim"
                }
            },
            "notification-url": "https://packagist.org/downloads/",
            "license": [
                "MIT"
            ],
            "authors": [
                {
                    "name": "Rob Allen",
                    "email": "rob@akrabat.com",
                    "homepage": "http://akrabat.com"
                },
                {
                    "name": "Josh Lockhart",
                    "email": "hello@joshlockhart.com",
                    "homepage": "https://joshlockhart.com"
                },
                {
                    "name": "Gabriel Manricks",
                    "email": "gmanricks@me.com",
                    "homepage": "http://gabrielmanricks.com"
                },
                {
                    "name": "Andrew Smith",
                    "email": "a.smith@silentworks.co.uk",
                    "homepage": "http://silentworks.co.uk"
                }
            ],
            "description": "Slim is a PHP micro framework that helps you quickly write simple yet powerful web applications and APIs",
            "homepage": "http://slimframework.com",
            "keywords": [
                "api",
                "framework",
                "micro",
                "router"
            ],
            "time": "2016-05-25 11:23:38"
        }
    ],
    "packages-dev": [],
    "aliases": [],
    "minimum-stability": "stable",
    "stability-flags": [],
    "prefer-stable": false,
    "prefer-lowest": false,
    "platform": {
        "php": ">=5.5.0"
    },
    "platform-dev": []
}
